// !$*UTF8*$!
{
	archiveVersion = 1;
	classes = {
	};
	objectVersion = 44;
	objects = {

/* Begin PBXBuildFile section */
		0091D8F90E81B9330029341E /* OpenGL.framework in Frameworks */ = {isa = PBXBuildFile; fileRef = 0091D8F80E81B9330029341E /* OpenGL.framework */; };
		00B784B30FF439BC000DE1D7 /* Accelerate.framework in Frameworks */ = {isa = PBXBuildFile; fileRef = 00B784AF0FF439BC000DE1D7 /* Accelerate.framework */; };
		00B784B40FF439BC000DE1D7 /* AudioToolbox.framework in Frameworks */ = {isa = PBXBuildFile; fileRef = 00B784B00FF439BC000DE1D7 /* AudioToolbox.framework */; };
		00B784B50FF439BC000DE1D7 /* AudioUnit.framework in Frameworks */ = {isa = PBXBuildFile; fileRef = 00B784B10FF439BC000DE1D7 /* AudioUnit.framework */; };
		00B784B60FF439BC000DE1D7 /* CoreAudio.framework in Frameworks */ = {isa = PBXBuildFile; fileRef = 00B784B20FF439BC000DE1D7 /* CoreAudio.framework */; };
		5323E6B20EAFCA74003A9687 /* CoreVideo.framework in Frameworks */ = {isa = PBXBuildFile; fileRef = 5323E6B10EAFCA74003A9687 /* CoreVideo.framework */; };
		5323E6B60EAFCA7E003A9687 /* QTKit.framework in Frameworks */ = {isa = PBXBuildFile; fileRef = 5323E6B50EAFCA7E003A9687 /* QTKit.framework */; };
		8D11072F0486CEB800E47090 /* Cocoa.framework in Frameworks */ = {isa = PBXBuildFile; fileRef = 1058C7A1FEA54F0111CA2CBB /* Cocoa.framework */; };
		C17309CCC4E942FB823A41D7 /* Syphon.framework in CopyFiles */ = {isa = PBXBuildFile; fileRef = AF5571E5F19D4D39A1EB8EE0 /* Syphon.framework */; };
		FE898AE0651A45D49A1B4B9F /* Syphon.framework in Frameworks */ = {isa = PBXBuildFile; fileRef = AF5571E5F19D4D39A1EB8EE0 /* Syphon.framework */; };
		A42FB9F9A6C24721B4755622 /* SyphonNameboundClient.m in Sources */ = {isa = PBXBuildFile; fileRef = 0B7DE9F489CB4DC994EE6EE8 /* SyphonNameboundClient.m */; };
		E7758D67F49B44878E78268B /* SyphonNameboundClient.h in Headers */ = {isa = PBXBuildFile; fileRef = 8BACD6E4995646B19A1B3D58 /* SyphonNameboundClient.h */; };
		5D4EB6A00A854FC28425E229 /* syphonServerDirectory.mm in Sources */ = {isa = PBXBuildFile; fileRef = 14E7A259CF344C0D8966E74C /* syphonServerDirectory.mm */; };
		5B9022CE9CC0463CA2F52783 /* syphonServer.mm in Sources */ = {isa = PBXBuildFile; fileRef = 3FA44D94106B43BB9D213FAB /* syphonServer.mm */; };
		15F0FF4FDD344A4B91D1920F /* syphonClient.mm in Sources */ = {isa = PBXBuildFile; fileRef = 13A1D904FFEA4723A2FA4BFF /* syphonClient.mm */; };
		A910F81F6BD2439CA68ED441 /* syphonServerDirectory.h in Headers */ = {isa = PBXBuildFile; fileRef = FE2BC263901F4A8A8A36153F /* syphonServerDirectory.h */; };
		632B9846D8134118B8C3BC25 /* syphonServer.h in Headers */ = {isa = PBXBuildFile; fileRef = E7EAE80EDF5B4472AE8DF329 /* syphonServer.h */; };
		589E3846DCDE44C3B0B0237A /* syphonClient.h in Headers */ = {isa = PBXBuildFile; fileRef = 198D2A5A0C044447860BF805 /* syphonClient.h */; };
		543CCFEB8CD34FE78C526F1B /* cinderSyphon.h in Headers */ = {isa = PBXBuildFile; fileRef = 44F8B485EE264E47B4A51AF0 /* cinderSyphon.h */; };
		A8EC2FF140D1403F93F933D3 /* RDIFFSYPHON_Prefix.pch in Headers */ = {isa = PBXBuildFile; fileRef = 71C0B290BB5546ABB66D1258 /* RDIFFSYPHON_Prefix.pch */; };
		37E5FCDA429947479B22F7FF /* CinderApp.icns in Resources */ = {isa = PBXBuildFile; fileRef = D5C608B411BE4B55B5E17981 /* CinderApp.icns */; };
		02DCEFB2A9DF408181DFA39C /* Resources.h in Headers */ = {isa = PBXBuildFile; fileRef = B31A4964224542A4B8C0C479 /* Resources.h */; };
		D160812A35B54AD7BF5E2530 /* RDIFFSYPHONApp.cpp in Sources */ = {isa = PBXBuildFile; fileRef = 5C605703009140A6992236A3 /* RDIFFSYPHONApp.cpp */; };
/* End PBXBuildFile section */

/* Begin PBXFileReference section */
		0091D8F80E81B9330029341E /* OpenGL.framework */ = {isa = PBXFileReference; lastKnownFileType = wrapper.framework; name = OpenGL.framework; path = /System/Library/Frameworks/OpenGL.framework; sourceTree = "<absolute>"; };
		00B784AF0FF439BC000DE1D7 /* Accelerate.framework */ = {isa = PBXFileReference; lastKnownFileType = wrapper.framework; name = Accelerate.framework; path = System/Library/Frameworks/Accelerate.framework; sourceTree = SDKROOT; };
		00B784B00FF439BC000DE1D7 /* AudioToolbox.framework */ = {isa = PBXFileReference; lastKnownFileType = wrapper.framework; name = AudioToolbox.framework; path = System/Library/Frameworks/AudioToolbox.framework; sourceTree = SDKROOT; };
		00B784B10FF439BC000DE1D7 /* AudioUnit.framework */ = {isa = PBXFileReference; lastKnownFileType = wrapper.framework; name = AudioUnit.framework; path = System/Library/Frameworks/AudioUnit.framework; sourceTree = SDKROOT; };
		00B784B20FF439BC000DE1D7 /* CoreAudio.framework */ = {isa = PBXFileReference; lastKnownFileType = wrapper.framework; name = CoreAudio.framework; path = System/Library/Frameworks/CoreAudio.framework; sourceTree = SDKROOT; };
		1058C7A1FEA54F0111CA2CBB /* Cocoa.framework */ = {isa = PBXFileReference; lastKnownFileType = wrapper.framework; name = Cocoa.framework; path = /System/Library/Frameworks/Cocoa.framework; sourceTree = "<absolute>"; };
		29B97324FDCFA39411CA2CEA /* AppKit.framework */ = {isa = PBXFileReference; lastKnownFileType = wrapper.framework; name = AppKit.framework; path = /System/Library/Frameworks/AppKit.framework; sourceTree = "<absolute>"; };
		29B97325FDCFA39411CA2CEA /* Foundation.framework */ = {isa = PBXFileReference; lastKnownFileType = wrapper.framework; name = Foundation.framework; path = /System/Library/Frameworks/Foundation.framework; sourceTree = "<absolute>"; };
		5323E6B10EAFCA74003A9687 /* CoreVideo.framework */ = {isa = PBXFileReference; lastKnownFileType = wrapper.framework; name = CoreVideo.framework; path = /System/Library/Frameworks/CoreVideo.framework; sourceTree = "<absolute>"; };
		5323E6B50EAFCA7E003A9687 /* QTKit.framework */ = {isa = PBXFileReference; lastKnownFileType = wrapper.framework; name = QTKit.framework; path = /System/Library/Frameworks/QTKit.framework; sourceTree = "<absolute>"; };
		8D1107320486CEB800E47090 /* RDIFFSYPHON.app */ = {isa = PBXFileReference; explicitFileType = wrapper.application; includeInIndex = 0; path = RDIFFSYPHON.app; sourceTree = BUILT_PRODUCTS_DIR; };
		5C605703009140A6992236A3 /* RDIFFSYPHONApp.cpp */ = {isa = PBXFileReference; lastKnownFileType = sourcecode.c.cpp; path = ../src/RDIFFSYPHONApp.cpp; sourceTree = "<group>"; name = RDIFFSYPHONApp.cpp; };
		B31A4964224542A4B8C0C479 /* Resources.h */ = {isa = PBXFileReference; lastKnownFileType = sourcecode.c.h; path = ../include/Resources.h; sourceTree = "<group>"; name = Resources.h; };
		D5C608B411BE4B55B5E17981 /* CinderApp.icns */ = {isa = PBXFileReference; lastKnownFileType = image.icns; path = ../resources/CinderApp.icns; sourceTree = "<group>"; name = CinderApp.icns; };
		6D0A0CB44E8B424A8507A092 /* Info.plist */ = {isa = PBXFileReference; lastKnownFileType = text.plist.xml; path = Info.plist; sourceTree = "<group>"; name = Info.plist; };
		71C0B290BB5546ABB66D1258 /* RDIFFSYPHON_Prefix.pch */ = {isa = PBXFileReference; lastKnownFileType = "\"\""; path = RDIFFSYPHON_Prefix.pch; sourceTree = "<group>"; name = RDIFFSYPHON_Prefix.pch; };
		44F8B485EE264E47B4A51AF0 /* cinderSyphon.h */ = {isa = PBXFileReference; lastKnownFileType = sourcecode.c.h; path = ../blocks/Syphon/src/cinderSyphon.h; sourceTree = "<group>"; name = cinderSyphon.h; };
		198D2A5A0C044447860BF805 /* syphonClient.h */ = {isa = PBXFileReference; lastKnownFileType = sourcecode.c.h; path = ../blocks/Syphon/src/syphonClient.h; sourceTree = "<group>"; name = syphonClient.h; };
		E7EAE80EDF5B4472AE8DF329 /* syphonServer.h */ = {isa = PBXFileReference; lastKnownFileType = sourcecode.c.h; path = ../blocks/Syphon/src/syphonServer.h; sourceTree = "<group>"; name = syphonServer.h; };
		FE2BC263901F4A8A8A36153F /* syphonServerDirectory.h */ = {isa = PBXFileReference; lastKnownFileType = sourcecode.c.h; path = ../blocks/Syphon/src/syphonServerDirectory.h; sourceTree = "<group>"; name = syphonServerDirectory.h; };
		13A1D904FFEA4723A2FA4BFF /* syphonClient.mm */ = {isa = PBXFileReference; lastKnownFileType = sourcecode.cpp.objcpp; path = ../blocks/Syphon/src/syphonClient.mm; sourceTree = "<group>"; name = syphonClient.mm; };
		3FA44D94106B43BB9D213FAB /* syphonServer.mm */ = {isa = PBXFileReference; lastKnownFileType = sourcecode.cpp.objcpp; path = ../blocks/Syphon/src/syphonServer.mm; sourceTree = "<group>"; name = syphonServer.mm; };
		14E7A259CF344C0D8966E74C /* syphonServerDirectory.mm */ = {isa = PBXFileReference; lastKnownFileType = sourcecode.cpp.objcpp; path = ../blocks/Syphon/src/syphonServerDirectory.mm; sourceTree = "<group>"; name = syphonServerDirectory.mm; };
		8BACD6E4995646B19A1B3D58 /* SyphonNameboundClient.h */ = {isa = PBXFileReference; lastKnownFileType = sourcecode.c.h; path = ../blocks/Syphon/lib/SyphonNameboundClient.h; sourceTree = "<group>"; name = SyphonNameboundClient.h; };
		0B7DE9F489CB4DC994EE6EE8 /* SyphonNameboundClient.m */ = {isa = PBXFileReference; lastKnownFileType = "\"\""; path = ../blocks/Syphon/lib/SyphonNameboundClient.m; sourceTree = "<group>"; name = SyphonNameboundClient.m; };
		AF5571E5F19D4D39A1EB8EE0 /* Syphon.framework */ = {isa = PBXFileReference; lastKnownFileType = wrapper.framework; path = ../blocks/Syphon/lib/Syphon.framework; sourceTree = "<group>"; name = Syphon.framework; };
/* End PBXFileReference section */

/* Begin PBXFrameworksBuildPhase section */
		8D11072E0486CEB800E47090 /* Frameworks */ = {
			isa = PBXFrameworksBuildPhase;
			buildActionMask = 2147483647;
			files = (
				8D11072F0486CEB800E47090 /* Cocoa.framework in Frameworks */,
				0091D8F90E81B9330029341E /* OpenGL.framework in Frameworks */,
				5323E6B20EAFCA74003A9687 /* CoreVideo.framework in Frameworks */,
				5323E6B60EAFCA7E003A9687 /* QTKit.framework in Frameworks */,
				00B784B30FF439BC000DE1D7 /* Accelerate.framework in Frameworks */,
				00B784B40FF439BC000DE1D7 /* AudioToolbox.framework in Frameworks */,
				00B784B50FF439BC000DE1D7 /* AudioUnit.framework in Frameworks */,
				00B784B60FF439BC000DE1D7 /* CoreAudio.framework in Frameworks */,
				FE898AE0651A45D49A1B4B9F /* Syphon.framework in Frameworks */,
			);
			runOnlyForDeploymentPostprocessing = 0;
		};
/* End PBXFrameworksBuildPhase section */

/* Begin PBXGroup section */
		080E96DDFE201D6D7F000001 /* Source */ = {
			isa = PBXGroup;
			children = (
				5C605703009140A6992236A3 /* RDIFFSYPHONApp.cpp */,
			);
			name = Source;
			sourceTree = "<group>";
		};
		1058C7A0FEA54F0111CA2CBB /* Linked Frameworks */ = {
			isa = PBXGroup;
			children = (
				00B784AF0FF439BC000DE1D7 /* Accelerate.framework */,
				00B784B00FF439BC000DE1D7 /* AudioToolbox.framework */,
				00B784B10FF439BC000DE1D7 /* AudioUnit.framework */,
				00B784B20FF439BC000DE1D7 /* CoreAudio.framework */,
				5323E6B50EAFCA7E003A9687 /* QTKit.framework */,
				5323E6B10EAFCA74003A9687 /* CoreVideo.framework */,
				0091D8F80E81B9330029341E /* OpenGL.framework */,
				1058C7A1FEA54F0111CA2CBB /* Cocoa.framework */,
			);
			name = "Linked Frameworks";
			sourceTree = "<group>";
		};
		1058C7A2FEA54F0111CA2CBB /* Other Frameworks */ = {
			isa = PBXGroup;
			children = (
				29B97324FDCFA39411CA2CEA /* AppKit.framework */,
				29B97325FDCFA39411CA2CEA /* Foundation.framework */,
			);
			name = "Other Frameworks";
			sourceTree = "<group>";
		};
		19C28FACFE9D520D11CA2CBB /* Products */ = {
			isa = PBXGroup;
			children = (
				8D1107320486CEB800E47090 /* RDIFFSYPHON.app */,
			);
			name = Products;
			sourceTree = "<group>";
		};
		29B97314FDCFA39411CA2CEA /* RDIFFSYPHON */ = {
			isa = PBXGroup;
			children = (
				01B97315FEAEA392516A2CEA /* Blocks */,
				29B97315FDCFA39411CA2CEA /* Headers */,
				080E96DDFE201D6D7F000001 /* Source */,
				29B97317FDCFA39411CA2CEA /* Resources */,
				29B97323FDCFA39411CA2CEA /* Frameworks */,
				19C28FACFE9D520D11CA2CBB /* Products */,
			);
			name = RDIFFSYPHON;
			sourceTree = "<group>";
		};
		B8D53A892B494E91BAF46C4C /* src */ = {
			isa = PBXGroup;
			children = (
				44F8B485EE264E47B4A51AF0 /* cinderSyphon.h */,
				198D2A5A0C044447860BF805 /* syphonClient.h */,
				E7EAE80EDF5B4472AE8DF329 /* syphonServer.h */,
				FE2BC263901F4A8A8A36153F /* syphonServerDirectory.h */,
				13A1D904FFEA4723A2FA4BFF /* syphonClient.mm */,
				3FA44D94106B43BB9D213FAB /* syphonServer.mm */,
				14E7A259CF344C0D8966E74C /* syphonServerDirectory.mm */,
			);
			name = src;
			sourceTree = "<group>";
		};
		EAA46B0EB5B44050BC9AFD7D /* lib */ = {
			isa = PBXGroup;
			children = (
				8BACD6E4995646B19A1B3D58 /* SyphonNameboundClient.h */,
				0B7DE9F489CB4DC994EE6EE8 /* SyphonNameboundClient.m */,
				AF5571E5F19D4D39A1EB8EE0 /* Syphon.framework */,
			);
			name = lib;
			sourceTree = "<group>";
		};
		0F2FB57545B14089B47966B7 /* Syphon */ = {
			isa = PBXGroup;
			children = (
				B8D53A892B494E91BAF46C4C /* src */,
				EAA46B0EB5B44050BC9AFD7D /* lib */,
			);
			name = Syphon;
			sourceTree = "<group>";
		};
		01B97315FEAEA392516A2CEA /* Blocks */ = {
			isa = PBXGroup;
			children = (
				0F2FB57545B14089B47966B7 /* Syphon */,
			);
			name = Blocks;
			sourceTree = "<group>";
		};
		29B97315FDCFA39411CA2CEA /* Headers */ = {
			isa = PBXGroup;
			children = (
				B31A4964224542A4B8C0C479 /* Resources.h */,
				71C0B290BB5546ABB66D1258 /* RDIFFSYPHON_Prefix.pch */,
			);
			name = Headers;
			sourceTree = "<group>";
		};
		29B97317FDCFA39411CA2CEA /* Resources */ = {
			isa = PBXGroup;
			children = (
				D5C608B411BE4B55B5E17981 /* CinderApp.icns */,
				6D0A0CB44E8B424A8507A092 /* Info.plist */,
			);
			name = Resources;
			sourceTree = "<group>";
		};
		29B97323FDCFA39411CA2CEA /* Frameworks */ = {
			isa = PBXGroup;
			children = (
				1058C7A0FEA54F0111CA2CBB /* Linked Frameworks */,
				1058C7A2FEA54F0111CA2CBB /* Other Frameworks */,
			);
			name = Frameworks;
			sourceTree = "<group>";
		};
/* End PBXGroup section */

/* Begin PBXNativeTarget section */
		8D1107260486CEB800E47090 /* RDIFFSYPHON */ = {
			isa = PBXNativeTarget;
			buildConfigurationList = C01FCF4A08A954540054247B /* Build configuration list for PBXNativeTarget "RDIFFSYPHON" */;
			buildPhases = (
				8D1107290486CEB800E47090 /* Resources */,
				8D11072C0486CEB800E47090 /* Sources */,
				8D11072E0486CEB800E47090 /* Frameworks */,
				AFB170F955C1409BBBDCF4EB /* CopyFiles */,
			);
			buildRules = (
			);
			dependencies = (
			);
			name = RDIFFSYPHON;
			productInstallPath = "$(HOME)/Applications";
			productName = RDIFFSYPHON;
			productReference = 8D1107320486CEB800E47090 /* RDIFFSYPHON.app */;
			productType = "com.apple.product-type.application";
		};
/* End PBXNativeTarget section */

/* Begin PBXProject section */
		29B97313FDCFA39411CA2CEA /* Project object */ = {
			isa = PBXProject;
			buildConfigurationList = C01FCF4E08A954540054247B /* Build configuration list for PBXProject "RDIFFSYPHON" */;
			compatibilityVersion = "Xcode 3.2";
			developmentRegion = English;
			hasScannedForEncodings = 1;
			knownRegions = (
				English,
				Japanese,
				French,
				German,
			);
			mainGroup = 29B97314FDCFA39411CA2CEA /* RDIFFSYPHON */;
			projectDirPath = "";
			projectRoot = "";
			targets = (
				8D1107260486CEB800E47090 /* RDIFFSYPHON */,
			);
		};
/* End PBXProject section */

/* Begin PBXResourcesBuildPhase section */
		8D1107290486CEB800E47090 /* Resources */ = {
			isa = PBXResourcesBuildPhase;
			buildActionMask = 2147483647;
			files = (
				37E5FCDA429947479B22F7FF /* CinderApp.icns in Resources */,
			);
			runOnlyForDeploymentPostprocessing = 0;
		};
/* End PBXResourcesBuildPhase section */

/* Begin PBXSourcesBuildPhase section */
		8D11072C0486CEB800E47090 /* Sources */ = {
			isa = PBXSourcesBuildPhase;
			buildActionMask = 2147483647;
			files = (
				D160812A35B54AD7BF5E2530 /* RDIFFSYPHONApp.cpp in Sources */,
				15F0FF4FDD344A4B91D1920F /* syphonClient.mm in Sources */,
				5B9022CE9CC0463CA2F52783 /* syphonServer.mm in Sources */,
				5D4EB6A00A854FC28425E229 /* syphonServerDirectory.mm in Sources */,
				A42FB9F9A6C24721B4755622 /* SyphonNameboundClient.m in Sources */,
			);
			runOnlyForDeploymentPostprocessing = 0;
		};
/* End PBXSourcesBuildPhase section */

/* Begin XCBuildConfiguration section */
		C01FCF4B08A954540054247B /* Debug */ = {
			isa = XCBuildConfiguration;
			buildSettings = {
				COMBINE_HIDPI_IMAGES = YES;
				DEAD_CODE_STRIPPING = YES;
				COPY_PHASE_STRIP = NO;
				GCC_DYNAMIC_NO_PIC = NO;
				GCC_INLINES_ARE_PRIVATE_EXTERN = YES;
				GCC_OPTIMIZATION_LEVEL = 0;
				GCC_PREPROCESSOR_DEFINITIONS = (
					"DEBUG=1",
					"$(inherited)",
				);
				GCC_PRECOMPILE_PREFIX_HEADER = YES;
				GCC_PREFIX_HEADER = RDIFFSYPHON_Prefix.pch;
				GCC_SYMBOLS_PRIVATE_EXTERN = NO;
				INFOPLIST_FILE = Info.plist;
				INSTALL_PATH = "$(HOME)/Applications";
				OTHER_LDFLAGS = "\"$(CINDER_PATH)/lib/libcinder_d.a\"";
				PRODUCT_NAME = RDIFFSYPHON;
				WRAPPER_EXTENSION = app;
				SYMROOT = ./build;
				FRAMEWORK_SEARCH_PATHS = (
					../blocks/Syphon/lib,
				);
			};
			name = Debug;
		};
		C01FCF4C08A954540054247B /* Release */ = {
			isa = XCBuildConfiguration;
			buildSettings = {
				COMBINE_HIDPI_IMAGES = YES;
				DEAD_CODE_STRIPPING = YES;
				DEBUG_INFORMATION_FORMAT = "dwarf-with-dsym";
				GCC_FAST_MATH = YES;
				GCC_GENERATE_DEBUGGING_SYMBOLS = NO;
				GCC_INLINES_ARE_PRIVATE_EXTERN = YES;
				GCC_OPTIMIZATION_LEVEL = 3;
				GCC_PRECOMPILE_PREFIX_HEADER = YES;
				GCC_PREFIX_HEADER = RDIFFSYPHON_Prefix.pch;
				GCC_SYMBOLS_PRIVATE_EXTERN = NO;
				INFOPLIST_FILE = Info.plist;
				INSTALL_PATH = "$(HOME)/Applications";
				OTHER_LDFLAGS = "\"$(CINDER_PATH)/lib/libcinder.a\"";
				PRODUCT_NAME = RDIFFSYPHON;
				STRIP_INSTALLED_PRODUCT = YES;
				WRAPPER_EXTENSION = app;
				SYMROOT = ./build;
				FRAMEWORK_SEARCH_PATHS = (
					../blocks/Syphon/lib,
				);
			};
			name = Release;
		};
		C01FCF4F08A954540054247B /* Debug */ = {
			isa = XCBuildConfiguration;
			buildSettings = {
				CLANG_CXX_LANGUAGE_STANDARD = "c++0x";
				CLANG_CXX_LIBRARY = "libc++";
				ALWAYS_SEARCH_USER_PATHS = NO;
				ARCHS = i386;
				CINDER_PATH = "../../../cinder";
				GCC_WARN_ABOUT_RETURN_TYPE = YES;
				GCC_WARN_UNUSED_VARIABLE = YES;
				HEADER_SEARCH_PATHS = "\"$(CINDER_PATH)/boost\"";
				MACOSX_DEPLOYMENT_TARGET = 10.7;
				SDKROOT = macosx;
				USER_HEADER_SEARCH_PATHS = "\"$(CINDER_PATH)/include\" ../include";
			};
			name = Debug;
		};
		C01FCF5008A954540054247B /* Release */ = {
			isa = XCBuildConfiguration;
			buildSettings = {
				CLANG_CXX_LANGUAGE_STANDARD = "c++0x";
				CLANG_CXX_LIBRARY = "libc++";
				ALWAYS_SEARCH_USER_PATHS = NO;
				ARCHS = i386;
				CINDER_PATH = "../../../cinder";
				GCC_WARN_ABOUT_RETURN_TYPE = YES;
				GCC_WARN_UNUSED_VARIABLE = YES;
				HEADER_SEARCH_PATHS = "\"$(CINDER_PATH)/boost\"";
				MACOSX_DEPLOYMENT_TARGET = 10.7;
				SDKROOT = macosx;
				USER_HEADER_SEARCH_PATHS = "\"$(CINDER_PATH)/include\" ../include";
			};
			name = Release;
		};
/* End XCBuildConfiguration section */

/* Begin XCConfigurationList section */
		C01FCF4A08A954540054247B /* Build configuration list for PBXNativeTarget "RDIFFSYPHON" */ = {
			isa = XCConfigurationList;
			buildConfigurations = (
				C01FCF4B08A954540054247B /* Debug */,
				C01FCF4C08A954540054247B /* Release */,
			);
			defaultConfigurationIsVisible = 0;
			defaultConfigurationName = Release;
		};
		C01FCF4E08A954540054247B /* Build configuration list for PBXProject "RDIFFSYPHON" */ = {
			isa = XCConfigurationList;
			buildConfigurations = (
				C01FCF4F08A954540054247B /* Debug */,
				C01FCF5008A954540054247B /* Release */,
			);
			defaultConfigurationIsVisible = 0;
			defaultConfigurationName = Release;
		};
/* End XCConfigurationList section */
		AFB170F955C1409BBBDCF4EB /* Copy Files */ = {
			isa = PBXCopyFilesBuildPhase;
			buildActionMask = 2147483647;
			dstPath = "";
			dstSubfolderSpec = 6;
			files = (
				C17309CCC4E942FB823A41D7 /* Syphon.framework in CopyFiles */,
			);
			runOnlyForDeploymentPostprocessing = 0;
		};
	};
	rootObject = 29B97313FDCFA39411CA2CEA /* Project object */;
}
